// !$*UTF8*$!
{
	archiveVersion = 1;
	classes = {
	};
	objectVersion = 46;
	objects = {

/* Begin PBXBuildFile section */
		01F0A7C615AF77CD00A44628 /* UIKit.framework in Frameworks */ = {isa = PBXBuildFile; fileRef = 01F0A7C515AF77CD00A44628 /* UIKit.framework */; };
		01F0A7C815AF77CD00A44628 /* Foundation.framework in Frameworks */ = {isa = PBXBuildFile; fileRef = 01F0A7C715AF77CD00A44628 /* Foundation.framework */; };
		01F0A7CA15AF77CD00A44628 /* CoreGraphics.framework in Frameworks */ = {isa = PBXBuildFile; fileRef = 01F0A7C915AF77CD00A44628 /* CoreGraphics.framework */; };
		01F0A7D015AF77CD00A44628 /* InfoPlist.strings in Resources */ = {isa = PBXBuildFile; fileRef = 01F0A7CE15AF77CD00A44628 /* InfoPlist.strings */; };
		01F0A7D215AF77CD00A44628 /* main.m in Sources */ = {isa = PBXBuildFile; fileRef = 01F0A7D115AF77CD00A44628 /* main.m */; };
		01F0A7D615AF77CD00A44628 /* AppDelegate.m in Sources */ = {isa = PBXBuildFile; fileRef = 01F0A7D515AF77CD00A44628 /* AppDelegate.m */; };
		01F0A7D915AF77CD00A44628 /* MainStoryboard.storyboard in Resources */ = {isa = PBXBuildFile; fileRef = 01F0A7D715AF77CD00A44628 /* MainStoryboard.storyboard */; };
		01F0A7DC15AF77CD00A44628 /* ViewController.m in Sources */ = {isa = PBXBuildFile; fileRef = 01F0A7DB15AF77CD00A44628 /* ViewController.m */; };
		01F0A7E315AF786400A44628 /* test.wav in Resources */ = {isa = PBXBuildFile; fileRef = 01F0A7E215AF786400A44628 /* test.wav */; };
		01F0A7E515AF788700A44628 /* MediaPlayer.framework in Frameworks */ = {isa = PBXBuildFile; fileRef = 01F0A7E415AF788700A44628 /* MediaPlayer.framework */; };
		01F0A7E715AF793E00A44628 /* AVFoundation.framework in Frameworks */ = {isa = PBXBuildFile; fileRef = 01F0A7E615AF793E00A44628 /* AVFoundation.framework */; };
		01F0A7E915AF7A8A00A44628 /* AudioToolbox.framework in Frameworks */ = {isa = PBXBuildFile; fileRef = 01F0A7E815AF7A8A00A44628 /* AudioToolbox.framework */; };
/* End PBXBuildFile section */

/* Begin PBXFileReference section */
		01F0A7C115AF77CD00A44628 /* testSoundPlay.app */ = {isa = PBXFileReference; explicitFileType = wrapper.application; includeInIndex = 0; path = testSoundPlay.app; sourceTree = BUILT_PRODUCTS_DIR; };
		01F0A7C515AF77CD00A44628 /* UIKit.framework */ = {isa = PBXFileReference; lastKnownFileType = wrapper.framework; name = UIKit.framework; path = System/Library/Frameworks/UIKit.framework; sourceTree = SDKROOT; };
		01F0A7C715AF77CD00A44628 /* Foundation.framework */ = {isa = PBXFileReference; lastKnownFileType = wrapper.framework; name = Foundation.framework; path = System/Library/Frameworks/Foundation.framework; sourceTree = SDKROOT; };
		01F0A7C915AF77CD00A44628 /* CoreGraphics.framework */ = {isa = PBXFileReference; lastKnownFileType = wrapper.framework; name = CoreGraphics.framework; path = System/Library/Frameworks/CoreGraphics.framework; sourceTree = SDKROOT; };
		01F0A7CD15AF77CD00A44628 /* testSoundPlay-Info.plist */ = {isa = PBXFileReference; lastKnownFileType = text.plist.xml; path = "testSoundPlay-Info.plist"; sourceTree = "<group>"; };
		01F0A7CF15AF77CD00A44628 /* en */ = {isa = PBXFileReference; lastKnownFileType = text.plist.strings; name = en; path = en.lproj/InfoPlist.strings; sourceTree = "<group>"; };
		01F0A7D115AF77CD00A44628 /* main.m */ = {isa = PBXFileReference; lastKnownFileType = sourcecode.c.objc; path = main.m; sourceTree = "<group>"; };
		01F0A7D315AF77CD00A44628 /* testSoundPlay-Prefix.pch */ = {isa = PBXFileReference; lastKnownFileType = sourcecode.c.h; path = "testSoundPlay-Prefix.pch"; sourceTree = "<group>"; };
		01F0A7D415AF77CD00A44628 /* AppDelegate.h */ = {isa = PBXFileReference; lastKnownFileType = sourcecode.c.h; path = AppDelegate.h; sourceTree = "<group>"; };
		01F0A7D515AF77CD00A44628 /* AppDelegate.m */ = {isa = PBXFileReference; lastKnownFileType = sourcecode.c.objc; path = AppDelegate.m; sourceTree = "<group>"; };
		01F0A7D815AF77CD00A44628 /* en */ = {isa = PBXFileReference; lastKnownFileType = file.storyboard; name = en; path = en.lproj/MainStoryboard.storyboard; sourceTree = "<group>"; };
		01F0A7DA15AF77CD00A44628 /* ViewController.h */ = {isa = PBXFileReference; lastKnownFileType = sourcecode.c.h; path = ViewController.h; sourceTree = "<group>"; };
		01F0A7DB15AF77CD00A44628 /* ViewController.m */ = {isa = PBXFileReference; lastKnownFileType = sourcecode.c.objc; path = ViewController.m; sourceTree = "<group>"; };
		01F0A7E215AF786400A44628 /* test.wav */ = {isa = PBXFileReference; lastKnownFileType = audio.wav; path = test.wav; sourceTree = "<group>"; };
		01F0A7E415AF788700A44628 /* MediaPlayer.framework */ = {isa = PBXFileReference; lastKnownFileType = wrapper.framework; name = MediaPlayer.framework; path = System/Library/Frameworks/MediaPlayer.framework; sourceTree = SDKROOT; };
		01F0A7E615AF793E00A44628 /* AVFoundation.framework */ = {isa = PBXFileReference; lastKnownFileType = wrapper.framework; name = AVFoundation.framework; path = System/Library/Frameworks/AVFoundation.framework; sourceTree = SDKROOT; };
		01F0A7E815AF7A8A00A44628 /* AudioToolbox.framework */ = {isa = PBXFileReference; lastKnownFileType = wrapper.framework; name = AudioToolbox.framework; path = System/Library/Frameworks/AudioToolbox.framework; sourceTree = SDKROOT; };
/* End PBXFileReference section */

/* Begin PBXFrameworksBuildPhase section */
		01F0A7BE15AF77CD00A44628 /* Frameworks */ = {
			isa = PBXFrameworksBuildPhase;
			buildActionMask = 2147483647;
			files = (
				01F0A7E915AF7A8A00A44628 /* AudioToolbox.framework in Frameworks */,
				01F0A7E715AF793E00A44628 /* AVFoundation.framework in Frameworks */,
				01F0A7E515AF788700A44628 /* MediaPlayer.framework in Frameworks */,
				01F0A7C615AF77CD00A44628 /* UIKit.framework in Frameworks */,
				01F0A7C815AF77CD00A44628 /* Foundation.framework in Frameworks */,
				01F0A7CA15AF77CD00A44628 /* CoreGraphics.framework in Frameworks */,
			);
			runOnlyForDeploymentPostprocessing = 0;
		};
/* End PBXFrameworksBuildPhase section */

/* Begin PBXGroup section */
		01F0A7B615AF77CC00A44628 = {
			isa = PBXGroup;
			children = (
				01F0A7E815AF7A8A00A44628 /* AudioToolbox.framework */,
				01F0A7E615AF793E00A44628 /* AVFoundation.framework */,
				01F0A7E415AF788700A44628 /* MediaPlayer.framework */,
				01F0A7CB15AF77CD00A44628 /* testSoundPlay */,
				01F0A7C415AF77CD00A44628 /* Frameworks */,
				01F0A7C215AF77CD00A44628 /* Products */,
			);
			sourceTree = "<group>";
		};
		01F0A7C215AF77CD00A44628 /* Products */ = {
			isa = PBXGroup;
			children = (
				01F0A7C115AF77CD00A44628 /* testSoundPlay.app */,
			);
			name = Products;
			sourceTree = "<group>";
		};
		01F0A7C415AF77CD00A44628 /* Frameworks */ = {
			isa = PBXGroup;
			children = (
				01F0A7C515AF77CD00A44628 /* UIKit.framework */,
				01F0A7C715AF77CD00A44628 /* Foundation.framework */,
				01F0A7C915AF77CD00A44628 /* CoreGraphics.framework */,
			);
			name = Frameworks;
			sourceTree = "<group>";
		};
		01F0A7CB15AF77CD00A44628 /* testSoundPlay */ = {
			isa = PBXGroup;
			children = (
				01F0A7E215AF786400A44628 /* test.wav */,
				01F0A7D415AF77CD00A44628 /* AppDelegate.h */,
				01F0A7D515AF77CD00A44628 /* AppDelegate.m */,
				01F0A7D715AF77CD00A44628 /* MainStoryboard.storyboard */,
				01F0A7DA15AF77CD00A44628 /* ViewController.h */,
				01F0A7DB15AF77CD00A44628 /* ViewController.m */,
				01F0A7CC15AF77CD00A44628 /* Supporting Files */,
			);
			path = testSoundPlay;
			sourceTree = "<group>";
		};
		01F0A7CC15AF77CD00A44628 /* Supporting Files */ = {
			isa = PBXGroup;
			children = (
				01F0A7CD15AF77CD00A44628 /* testSoundPlay-Info.plist */,
				01F0A7CE15AF77CD00A44628 /* InfoPlist.strings */,
				01F0A7D115AF77CD00A44628 /* main.m */,
				01F0A7D315AF77CD00A44628 /* testSoundPlay-Prefix.pch */,
			);
			name = "Supporting Files";
			sourceTree = "<group>";
		};
/* End PBXGroup section */

/* Begin PBXNativeTarget section */
		01F0A7C015AF77CD00A44628 /* testSoundPlay */ = {
			isa = PBXNativeTarget;
			buildConfigurationList = 01F0A7DF15AF77CD00A44628 /* Build configuration list for PBXNativeTarget "testSoundPlay" */;
			buildPhases = (
				01F0A7BD15AF77CD00A44628 /* Sources */,
				01F0A7BE15AF77CD00A44628 /* Frameworks */,
				01F0A7BF15AF77CD00A44628 /* Resources */,
			);
			buildRules = (
			);
			dependencies = (
			);
			name = testSoundPlay;
			productName = testSoundPlay;
			productReference = 01F0A7C115AF77CD00A44628 /* testSoundPlay.app */;
			productType = "com.apple.product-type.application";
		};
/* End PBXNativeTarget section */

/* Begin PBXProject section */
		01F0A7B815AF77CC00A44628 /* Project object */ = {
			isa = PBXProject;
			attributes = {
				LastUpgradeCheck = 0430;
			};
			buildConfigurationList = 01F0A7BB15AF77CC00A44628 /* Build configuration list for PBXProject "testSoundPlay" */;
			compatibilityVersion = "Xcode 3.2";
			developmentRegion = English;
			hasScannedForEncodings = 0;
			knownRegions = (
				en,
			);
			mainGroup = 01F0A7B615AF77CC00A44628;
			productRefGroup = 01F0A7C215AF77CD00A44628 /* Products */;
			projectDirPath = "";
			projectRoot = "";
			targets = (
				01F0A7C015AF77CD00A44628 /* testSoundPlay */,
			);
		};
/* End PBXProject section */

/* Begin PBXResourcesBuildPhase section */
		01F0A7BF15AF77CD00A44628 /* Resources */ = {
			isa = PBXResourcesBuildPhase;
			buildActionMask = 2147483647;
			files = (
				01F0A7D015AF77CD00A44628 /* InfoPlist.strings in Resources */,
				01F0A7D915AF77CD00A44628 /* MainStoryboard.storyboard in Resources */,
				01F0A7E315AF786400A44628 /* test.wav in Resources */,
			);
			runOnlyForDeploymentPostprocessing = 0;
		};
/* End PBXResourcesBuildPhase section */

/* Begin PBXSourcesBuildPhase section */
		01F0A7BD15AF77CD00A44628 /* Sources */ = {
			isa = PBXSourcesBuildPhase;
			buildActionMask = 2147483647;
			files = (
				01F0A7D215AF77CD00A44628 /* main.m in Sources */,
				01F0A7D615AF77CD00A44628 /* AppDelegate.m in Sources */,
				01F0A7DC15AF77CD00A44628 /* ViewController.m in Sources */,
			);
			runOnlyForDeploymentPostprocessing = 0;
		};
/* End PBXSourcesBuildPhase section */

/* Begin PBXVariantGroup section */
		01F0A7CE15AF77CD00A44628 /* InfoPlist.strings */ = {
			isa = PBXVariantGroup;
			children = (
				01F0A7CF15AF77CD00A44628 /* en */,
			);
			name = InfoPlist.strings;
			sourceTree = "<group>";
		};
		01F0A7D715AF77CD00A44628 /* MainStoryboard.storyboard */ = {
			isa = PBXVariantGroup;
			children = (
				01F0A7D815AF77CD00A44628 /* en */,
			);
			name = MainStoryboard.storyboard;
			sourceTree = "<group>";
		};
/* End PBXVariantGroup section */

/* Begin XCBuildConfiguration section */
		01F0A7DD15AF77CD00A44628 /* Debug */ = {
			isa = XCBuildConfiguration;
			buildSettings = {
				ALWAYS_SEARCH_USER_PATHS = NO;
				ARCHS = "$(ARCHS_STANDARD_32_BIT)";
				CLANG_ENABLE_OBJC_ARC = YES;
				"CODE_SIGN_IDENTITY[sdk=iphoneos*]" = "iPhone Developer";
				COPY_PHASE_STRIP = NO;
				GCC_C_LANGUAGE_STANDARD = gnu99;
				GCC_DYNAMIC_NO_PIC = NO;
				GCC_OPTIMIZATION_LEVEL = 0;
				GCC_PREPROCESSOR_DEFINITIONS = (
					"DEBUG=1",
					"$(inherited)",
				);
				GCC_SYMBOLS_PRIVATE_EXTERN = NO;
				GCC_VERSION = com.apple.compilers.llvm.clang.1_0;
				GCC_WARN_ABOUT_RETURN_TYPE = YES;
				GCC_WARN_UNINITIALIZED_AUTOS = YES;
				GCC_WARN_UNUSED_VARIABLE = YES;
				IPHONEOS_DEPLOYMENT_TARGET = 5.1;
				SDKROOT = iphoneos;
			};
			name = Debug;
		};
		01F0A7DE15AF77CD00A44628 /* Release */ = {
			isa = XCBuildConfiguration;
			buildSettings = {
				ALWAYS_SEARCH_USER_PATHS = NO;
				ARCHS = "$(ARCHS_STANDARD_32_BIT)";
				CLANG_ENABLE_OBJC_ARC = YES;
				"CODE_SIGN_IDENTITY[sdk=iphoneos*]" = "iPhone Developer";
				COPY_PHASE_STRIP = YES;
				GCC_C_LANGUAGE_STANDARD = gnu99;
				GCC_VERSION = com.apple.compilers.llvm.clang.1_0;
				GCC_WARN_ABOUT_RETURN_TYPE = YES;
				GCC_WARN_UNINITIALIZED_AUTOS = YES;
				GCC_WARN_UNUSED_VARIABLE = YES;
				IPHONEOS_DEPLOYMENT_TARGET = 5.1;
				OTHER_CFLAGS = "-DNS_BLOCK_ASSERTIONS=1";
				SDKROOT = iphoneos;
				VALIDATE_PRODUCT = YES;
			};
			name = Release;
		};
		01F0A7E015AF77CD00A44628 /* Debug */ = {
			isa = XCBuildConfiguration;
			buildSettings = {
				GCC_PRECOMPILE_PREFIX_HEADER = YES;
				GCC_PREFIX_HEADER = "testSoundPlay/testSoundPlay-Prefix.pch";
				INFOPLIST_FILE = "testSoundPlay/testSoundPlay-Info.plist";
				PRODUCT_NAME = "$(TARGET_NAME)";
				WRAPPER_EXTENSION = app;
			};
			name = Debug;
		};
		01F0A7E115AF77CD00A44628 /* Release */ = {
			isa = XCBuildConfiguration;
			buildSettings = {
				GCC_PRECOMPILE_PREFIX_HEADER = YES;
				GCC_PREFIX_HEADER = "testSoundPlay/testSoundPlay-Prefix.pch";
				INFOPLIST_FILE = "testSoundPlay/testSoundPlay-Info.plist";
				PRODUCT_NAME = "$(TARGET_NAME)";
				WRAPPER_EXTENSION = app;
			};
			name = Release;
		};
/* End XCBuildConfiguration section */

/* Begin XCConfigurationList section */
		01F0A7BB15AF77CC00A44628 /* Build configuration list for PBXProject "testSoundPlay" */ = {
			isa = XCConfigurationList;
			buildConfigurations = (
				01F0A7DD15AF77CD00A44628 /* Debug */,
				01F0A7DE15AF77CD00A44628 /* Release */,
			);
			defaultConfigurationIsVisible = 0;
			defaultConfigurationName = Release;
		};
		01F0A7DF15AF77CD00A44628 /* Build configuration list for PBXNativeTarget "testSoundPlay" */ = {
			isa = XCConfigurationList;
			buildConfigurations = (
				01F0A7E015AF77CD00A44628 /* Debug */,
				01F0A7E115AF77CD00A44628 /* Release */,
			);
			defaultConfigurationIsVisible = 0;
		};
/* End XCConfigurationList section */
	};
	rootObject = 01F0A7B815AF77CC00A44628 /* Project object */;
}
